// !$*UTF8*$!
{
	archiveVersion = 1;
	classes = {
	};
	objectVersion = 50;
	objects = {

/* Begin PBXBuildFile section */
		67A6AC72092CC9D8E142C819 /* Pods_Instagram.framework in Frameworks */ = {isa = PBXBuildFile; fileRef = 8544C273F36BDF3DC5AA15C0 /* Pods_Instagram.framework */; };
		E84B822822855514007FE0A4 /* GoogleService-Info.plist in Resources */ = {isa = PBXBuildFile; fileRef = E84B822722855514007FE0A4 /* GoogleService-Info.plist */; };
		E85CF617228BABAE002E308B /* Const.swift in Sources */ = {isa = PBXBuildFile; fileRef = E85CF616228BABAE002E308B /* Const.swift */; };
		E85CF639228CED13002E308B /* PostData.swift in Sources */ = {isa = PBXBuildFile; fileRef = E85CF638228CED13002E308B /* PostData.swift */; };
		E85CF63C228CEDB7002E308B /* PostTableViewCell.swift in Sources */ = {isa = PBXBuildFile; fileRef = E85CF63A228CEDB7002E308B /* PostTableViewCell.swift */; };
		E85CF63D228CEDB7002E308B /* PostTableViewCell.xib in Resources */ = {isa = PBXBuildFile; fileRef = E85CF63B228CEDB7002E308B /* PostTableViewCell.xib */; };
		E8A5928F22850DF800344D35 /* AppDelegate.swift in Sources */ = {isa = PBXBuildFile; fileRef = E8A5928E22850DF800344D35 /* AppDelegate.swift */; };
		E8A5929122850DF800344D35 /* ViewController.swift in Sources */ = {isa = PBXBuildFile; fileRef = E8A5929022850DF800344D35 /* ViewController.swift */; };
		E8A5929422850DF800344D35 /* Main.storyboard in Resources */ = {isa = PBXBuildFile; fileRef = E8A5929222850DF800344D35 /* Main.storyboard */; };
		E8A5929622850DFA00344D35 /* Assets.xcassets in Resources */ = {isa = PBXBuildFile; fileRef = E8A5929522850DFA00344D35 /* Assets.xcassets */; };
		E8A5929922850DFA00344D35 /* LaunchScreen.storyboard in Resources */ = {isa = PBXBuildFile; fileRef = E8A5929722850DFA00344D35 /* LaunchScreen.storyboard */; };
		E8A592A122850F8800344D35 /* LoginViewController.swift in Sources */ = {isa = PBXBuildFile; fileRef = E8A592A022850F8800344D35 /* LoginViewController.swift */; };
		E8A592A322850FDC00344D35 /* HomeViewController.swift in Sources */ = {isa = PBXBuildFile; fileRef = E8A592A222850FDC00344D35 /* HomeViewController.swift */; };
		E8A592A52285105000344D35 /* ImageSelectViewController.swift in Sources */ = {isa = PBXBuildFile; fileRef = E8A592A42285105000344D35 /* ImageSelectViewController.swift */; };
		E8A592A72285109A00344D35 /* PostViewController.swift in Sources */ = {isa = PBXBuildFile; fileRef = E8A592A62285109A00344D35 /* PostViewController.swift */; };
		E8A592AB228513BC00344D35 /* SettingViewController.swift in Sources */ = {isa = PBXBuildFile; fileRef = E8A592AA228513BC00344D35 /* SettingViewController.swift */; };
/* End PBXBuildFile section */

/* Begin PBXFileReference section */
		1F3A0EE4C416BF9BD30FEF2D /* Pods-Instagram.release.xcconfig */ = {isa = PBXFileReference; includeInIndex = 1; lastKnownFileType = text.xcconfig; name = "Pods-Instagram.release.xcconfig"; path = "Pods/Target Support Files/Pods-Instagram/Pods-Instagram.release.xcconfig"; sourceTree = "<group>"; };
		8544C273F36BDF3DC5AA15C0 /* Pods_Instagram.framework */ = {isa = PBXFileReference; explicitFileType = wrapper.framework; includeInIndex = 0; path = Pods_Instagram.framework; sourceTree = BUILT_PRODUCTS_DIR; };
		A5193BA0F27ED230FBFC8201 /* Pods-Instagram.debug.xcconfig */ = {isa = PBXFileReference; includeInIndex = 1; lastKnownFileType = text.xcconfig; name = "Pods-Instagram.debug.xcconfig"; path = "Pods/Target Support Files/Pods-Instagram/Pods-Instagram.debug.xcconfig"; sourceTree = "<group>"; };
		E84B822722855514007FE0A4 /* GoogleService-Info.plist */ = {isa = PBXFileReference; fileEncoding = 4; lastKnownFileType = text.plist.xml; path = "GoogleService-Info.plist"; sourceTree = "<group>"; };
		E85CF616228BABAE002E308B /* Const.swift */ = {isa = PBXFileReference; lastKnownFileType = sourcecode.swift; path = Const.swift; sourceTree = "<group>"; };
		E85CF638228CED13002E308B /* PostData.swift */ = {isa = PBXFileReference; lastKnownFileType = sourcecode.swift; path = PostData.swift; sourceTree = "<group>"; };
		E85CF63A228CEDB7002E308B /* PostTableViewCell.swift */ = {isa = PBXFileReference; lastKnownFileType = sourcecode.swift; path = PostTableViewCell.swift; sourceTree = "<group>"; };
		E85CF63B228CEDB7002E308B /* PostTableViewCell.xib */ = {isa = PBXFileReference; lastKnownFileType = file.xib; path = PostTableViewCell.xib; sourceTree = "<group>"; };
		E8A5928B22850DF800344D35 /* Instagram.app */ = {isa = PBXFileReference; explicitFileType = wrapper.application; includeInIndex = 0; path = Instagram.app; sourceTree = BUILT_PRODUCTS_DIR; };
		E8A5928E22850DF800344D35 /* AppDelegate.swift */ = {isa = PBXFileReference; lastKnownFileType = sourcecode.swift; path = AppDelegate.swift; sourceTree = "<group>"; };
		E8A5929022850DF800344D35 /* ViewController.swift */ = {isa = PBXFileReference; lastKnownFileType = sourcecode.swift; path = ViewController.swift; sourceTree = "<group>"; };
		E8A5929322850DF800344D35 /* Base */ = {isa = PBXFileReference; lastKnownFileType = file.storyboard; name = Base; path = Base.lproj/Main.storyboard; sourceTree = "<group>"; };
		E8A5929522850DFA00344D35 /* Assets.xcassets */ = {isa = PBXFileReference; lastKnownFileType = folder.assetcatalog; path = Assets.xcassets; sourceTree = "<group>"; };
		E8A5929822850DFA00344D35 /* Base */ = {isa = PBXFileReference; lastKnownFileType = file.storyboard; name = Base; path = Base.lproj/LaunchScreen.storyboard; sourceTree = "<group>"; };
		E8A5929A22850DFA00344D35 /* Info.plist */ = {isa = PBXFileReference; lastKnownFileType = text.plist.xml; path = Info.plist; sourceTree = "<group>"; };
		E8A592A022850F8800344D35 /* LoginViewController.swift */ = {isa = PBXFileReference; lastKnownFileType = sourcecode.swift; path = LoginViewController.swift; sourceTree = "<group>"; };
		E8A592A222850FDC00344D35 /* HomeViewController.swift */ = {isa = PBXFileReference; lastKnownFileType = sourcecode.swift; path = HomeViewController.swift; sourceTree = "<group>"; };
		E8A592A42285105000344D35 /* ImageSelectViewController.swift */ = {isa = PBXFileReference; lastKnownFileType = sourcecode.swift; path = ImageSelectViewController.swift; sourceTree = "<group>"; };
		E8A592A62285109A00344D35 /* PostViewController.swift */ = {isa = PBXFileReference; lastKnownFileType = sourcecode.swift; path = PostViewController.swift; sourceTree = "<group>"; };
		E8A592AA228513BC00344D35 /* SettingViewController.swift */ = {isa = PBXFileReference; lastKnownFileType = sourcecode.swift; path = SettingViewController.swift; sourceTree = "<group>"; };
/* End PBXFileReference section */

/* Begin PBXFrameworksBuildPhase section */
		E8A5928822850DF800344D35 /* Frameworks */ = {
			isa = PBXFrameworksBuildPhase;
			buildActionMask = 2147483647;
			files = (
				67A6AC72092CC9D8E142C819 /* Pods_Instagram.framework in Frameworks */,
			);
			runOnlyForDeploymentPostprocessing = 0;
		};
/* End PBXFrameworksBuildPhase section */

/* Begin PBXGroup section */
		4FA99B18FCF2963C19BEA75A /* Frameworks */ = {
			isa = PBXGroup;
			children = (
				8544C273F36BDF3DC5AA15C0 /* Pods_Instagram.framework */,
			);
			name = Frameworks;
			sourceTree = "<group>";
		};
		D6164BFE08C2A6E2838727AF /* Pods */ = {
			isa = PBXGroup;
			children = (
				A5193BA0F27ED230FBFC8201 /* Pods-Instagram.debug.xcconfig */,
				1F3A0EE4C416BF9BD30FEF2D /* Pods-Instagram.release.xcconfig */,
			);
			name = Pods;
			sourceTree = "<group>";
		};
		E8A5928222850DF800344D35 = {
			isa = PBXGroup;
			children = (
				E8A5928D22850DF800344D35 /* Instagram */,
				E8A5928C22850DF800344D35 /* Products */,
				D6164BFE08C2A6E2838727AF /* Pods */,
				4FA99B18FCF2963C19BEA75A /* Frameworks */,
			);
			sourceTree = "<group>";
		};
		E8A5928C22850DF800344D35 /* Products */ = {
			isa = PBXGroup;
			children = (
				E8A5928B22850DF800344D35 /* Instagram.app */,
			);
			name = Products;
			sourceTree = "<group>";
		};
		E8A5928D22850DF800344D35 /* Instagram */ = {
			isa = PBXGroup;
			children = (
				E8A5928E22850DF800344D35 /* AppDelegate.swift */,
				E8A5929022850DF800344D35 /* ViewController.swift */,
				E8A5929222850DF800344D35 /* Main.storyboard */,
				E8A5929522850DFA00344D35 /* Assets.xcassets */,
				E8A5929722850DFA00344D35 /* LaunchScreen.storyboard */,
				E8A5929A22850DFA00344D35 /* Info.plist */,
				E84B822722855514007FE0A4 /* GoogleService-Info.plist */,
				E8A592A022850F8800344D35 /* LoginViewController.swift */,
				E8A592A222850FDC00344D35 /* HomeViewController.swift */,
				E8A592A42285105000344D35 /* ImageSelectViewController.swift */,
				E8A592A62285109A00344D35 /* PostViewController.swift */,
				E8A592AA228513BC00344D35 /* SettingViewController.swift */,
				E85CF616228BABAE002E308B /* Const.swift */,
				E85CF638228CED13002E308B /* PostData.swift */,
				E85CF63A228CEDB7002E308B /* PostTableViewCell.swift */,
				E85CF63B228CEDB7002E308B /* PostTableViewCell.xib */,
			);
			path = Instagram;
			sourceTree = "<group>";
		};
/* End PBXGroup section */

/* Begin PBXNativeTarget section */
		E8A5928A22850DF800344D35 /* Instagram */ = {
			isa = PBXNativeTarget;
			buildConfigurationList = E8A5929D22850DFA00344D35 /* Build configuration list for PBXNativeTarget "Instagram" */;
			buildPhases = (
				DF6F52761A40E21C43944ECC /* [CP] Check Pods Manifest.lock */,
				E8A5928722850DF800344D35 /* Sources */,
				E8A5928822850DF800344D35 /* Frameworks */,
				E8A5928922850DF800344D35 /* Resources */,
				D345953F021F34175E549FAC /* [CP] Embed Pods Frameworks */,
			);
			buildRules = (
			);
			dependencies = (
			);
			name = Instagram;
			productName = Instagram;
			productReference = E8A5928B22850DF800344D35 /* Instagram.app */;
			productType = "com.apple.product-type.application";
		};
/* End PBXNativeTarget section */

/* Begin PBXProject section */
		E8A5928322850DF800344D35 /* Project object */ = {
			isa = PBXProject;
			attributes = {
				LastSwiftUpdateCheck = 1010;
				LastUpgradeCheck = 1010;
				ORGANIZATIONNAME = saki.sekiguchi;
				TargetAttributes = {
					E8A5928A22850DF800344D35 = {
						CreatedOnToolsVersion = 10.1;
					};
				};
			};
			buildConfigurationList = E8A5928622850DF800344D35 /* Build configuration list for PBXProject "Instagram" */;
			compatibilityVersion = "Xcode 9.3";
			developmentRegion = en;
			hasScannedForEncodings = 0;
			knownRegions = (
				en,
				Base,
			);
			mainGroup = E8A5928222850DF800344D35;
			productRefGroup = E8A5928C22850DF800344D35 /* Products */;
			projectDirPath = "";
			projectRoot = "";
			targets = (
				E8A5928A22850DF800344D35 /* Instagram */,
			);
		};
/* End PBXProject section */

/* Begin PBXResourcesBuildPhase section */
		E8A5928922850DF800344D35 /* Resources */ = {
			isa = PBXResourcesBuildPhase;
			buildActionMask = 2147483647;
			files = (
				E8A5929922850DFA00344D35 /* LaunchScreen.storyboard in Resources */,
				E85CF63D228CEDB7002E308B /* PostTableViewCell.xib in Resources */,
				E84B822822855514007FE0A4 /* GoogleService-Info.plist in Resources */,
				E8A5929622850DFA00344D35 /* Assets.xcassets in Resources */,
				E8A5929422850DF800344D35 /* Main.storyboard in Resources */,
			);
			runOnlyForDeploymentPostprocessing = 0;
		};
/* End PBXResourcesBuildPhase section */

/* Begin PBXShellScriptBuildPhase section */
		D345953F021F34175E549FAC /* [CP] Embed Pods Frameworks */ = {
			isa = PBXShellScriptBuildPhase;
			buildActionMask = 2147483647;
			files = (
			);
			inputPaths = (
				"${SRCROOT}/Pods/Target Support Files/Pods-Instagram/Pods-Instagram-frameworks.sh",
				"${BUILT_PRODUCTS_DIR}/CLImageEditor/CLImageEditor.framework",
				"${BUILT_PRODUCTS_DIR}/ESTabBarController/ESTabBarController.framework",
				"${BUILT_PRODUCTS_DIR}/GTMSessionFetcher/GTMSessionFetcher.framework",
				"${BUILT_PRODUCTS_DIR}/GoogleUtilities/GoogleUtilities.framework",
				"${BUILT_PRODUCTS_DIR}/SVProgressHUD/SVProgressHUD.framework",
				"${BUILT_PRODUCTS_DIR}/leveldb-library/leveldb.framework",
				"${BUILT_PRODUCTS_DIR}/nanopb/nanopb.framework",
			);
			name = "[CP] Embed Pods Frameworks";
			outputPaths = (
				"${TARGET_BUILD_DIR}/${FRAMEWORKS_FOLDER_PATH}/CLImageEditor.framework",
				"${TARGET_BUILD_DIR}/${FRAMEWORKS_FOLDER_PATH}/ESTabBarController.framework",
				"${TARGET_BUILD_DIR}/${FRAMEWORKS_FOLDER_PATH}/GTMSessionFetcher.framework",
				"${TARGET_BUILD_DIR}/${FRAMEWORKS_FOLDER_PATH}/GoogleUtilities.framework",
				"${TARGET_BUILD_DIR}/${FRAMEWORKS_FOLDER_PATH}/SVProgressHUD.framework",
				"${TARGET_BUILD_DIR}/${FRAMEWORKS_FOLDER_PATH}/leveldb.framework",
				"${TARGET_BUILD_DIR}/${FRAMEWORKS_FOLDER_PATH}/nanopb.framework",
			);
			runOnlyForDeploymentPostprocessing = 0;
			shellPath = /bin/sh;
			shellScript = "\"${SRCROOT}/Pods/Target Support Files/Pods-Instagram/Pods-Instagram-frameworks.sh\"\n";
			showEnvVarsInLog = 0;
		};
		DF6F52761A40E21C43944ECC /* [CP] Check Pods Manifest.lock */ = {
			isa = PBXShellScriptBuildPhase;
			buildActionMask = 2147483647;
			files = (
			);
			inputPaths = (
				"${PODS_PODFILE_DIR_PATH}/Podfile.lock",
				"${PODS_ROOT}/Manifest.lock",
			);
			name = "[CP] Check Pods Manifest.lock";
			outputPaths = (
				"$(DERIVED_FILE_DIR)/Pods-Instagram-checkManifestLockResult.txt",
			);
			runOnlyForDeploymentPostprocessing = 0;
			shellPath = /bin/sh;
			shellScript = "diff \"${PODS_PODFILE_DIR_PATH}/Podfile.lock\" \"${PODS_ROOT}/Manifest.lock\" > /dev/null\nif [ $? != 0 ] ; then\n    # print error to STDERR\n    echo \"error: The sandbox is not in sync with the Podfile.lock. Run 'pod install' or update your CocoaPods installation.\" >&2\n    exit 1\nfi\n# This output is used by Xcode 'outputs' to avoid re-running this script phase.\necho \"SUCCESS\" > \"${SCRIPT_OUTPUT_FILE_0}\"\n";
			showEnvVarsInLog = 0;
		};
/* End PBXShellScriptBuildPhase section */

/* Begin PBXSourcesBuildPhase section */
		E8A5928722850DF800344D35 /* Sources */ = {
			isa = PBXSourcesBuildPhase;
			buildActionMask = 2147483647;
			files = (
				E8A592A72285109A00344D35 /* PostViewController.swift in Sources */,
				E85CF639228CED13002E308B /* PostData.swift in Sources */,
				E8A592A122850F8800344D35 /* LoginViewController.swift in Sources */,
				E8A5929122850DF800344D35 /* ViewController.swift in Sources */,
				E8A5928F22850DF800344D35 /* AppDelegate.swift in Sources */,
				E8A592A52285105000344D35 /* ImageSelectViewController.swift in Sources */,
				E85CF617228BABAE002E308B /* Const.swift in Sources */,
				E85CF63C228CEDB7002E308B /* PostTableViewCell.swift in Sources */,
				E8A592AB228513BC00344D35 /* SettingViewController.swift in Sources */,
				E8A592A322850FDC00344D35 /* HomeViewController.swift in Sources */,
			);
			runOnlyForDeploymentPostprocessing = 0;
		};
/* End PBXSourcesBuildPhase section */

/* Begin PBXVariantGroup section */
		E8A5929222850DF800344D35 /* Main.storyboard */ = {
			isa = PBXVariantGroup;
			children = (
				E8A5929322850DF800344D35 /* Base */,
			);
			name = Main.storyboard;
			sourceTree = "<group>";
		};
		E8A5929722850DFA00344D35 /* LaunchScreen.storyboard */ = {
			isa = PBXVariantGroup;
			children = (
				E8A5929822850DFA00344D35 /* Base */,
			);
			name = LaunchScreen.storyboard;
			sourceTree = "<group>";
		};
/* End PBXVariantGroup section */

/* Begin XCBuildConfiguration section */
		E8A5929B22850DFA00344D35 /* Debug */ = {
			isa = XCBuildConfiguration;
			buildSettings = {
				ALWAYS_SEARCH_USER_PATHS = NO;
				CLANG_ANALYZER_NONNULL = YES;
				CLANG_ANALYZER_NUMBER_OBJECT_CONVERSION = YES_AGGRESSIVE;
				CLANG_CXX_LANGUAGE_STANDARD = "gnu++14";
				CLANG_CXX_LIBRARY = "libc++";
				CLANG_ENABLE_MODULES = YES;
				CLANG_ENABLE_OBJC_ARC = YES;
				CLANG_ENABLE_OBJC_WEAK = YES;
				CLANG_WARN_BLOCK_CAPTURE_AUTORELEASING = YES;
				CLANG_WARN_BOOL_CONVERSION = YES;
				CLANG_WARN_COMMA = YES;
				CLANG_WARN_CONSTANT_CONVERSION = YES;
				CLANG_WARN_DEPRECATED_OBJC_IMPLEMENTATIONS = YES;
				CLANG_WARN_DIRECT_OBJC_ISA_USAGE = YES_ERROR;
				CLANG_WARN_DOCUMENTATION_COMMENTS = YES;
				CLANG_WARN_EMPTY_BODY = YES;
				CLANG_WARN_ENUM_CONVERSION = YES;
				CLANG_WARN_INFINITE_RECURSION = YES;
				CLANG_WARN_INT_CONVERSION = YES;
				CLANG_WARN_NON_LITERAL_NULL_CONVERSION = YES;
				CLANG_WARN_OBJC_IMPLICIT_RETAIN_SELF = YES;
				CLANG_WARN_OBJC_LITERAL_CONVERSION = YES;
				CLANG_WARN_OBJC_ROOT_CLASS = YES_ERROR;
				CLANG_WARN_RANGE_LOOP_ANALYSIS = YES;
				CLANG_WARN_STRICT_PROTOTYPES = YES;
				CLANG_WARN_SUSPICIOUS_MOVE = YES;
				CLANG_WARN_UNGUARDED_AVAILABILITY = YES_AGGRESSIVE;
				CLANG_WARN_UNREACHABLE_CODE = YES;
				CLANG_WARN__DUPLICATE_METHOD_MATCH = YES;
				CODE_SIGN_IDENTITY = "iPhone Developer";
				COPY_PHASE_STRIP = NO;
				DEBUG_INFORMATION_FORMAT = dwarf;
				ENABLE_STRICT_OBJC_MSGSEND = YES;
				ENABLE_TESTABILITY = YES;
				GCC_C_LANGUAGE_STANDARD = gnu11;
				GCC_DYNAMIC_NO_PIC = NO;
				GCC_NO_COMMON_BLOCKS = YES;
				GCC_OPTIMIZATION_LEVEL = 0;
				GCC_PREPROCESSOR_DEFINITIONS = (
					"DEBUG=1",
					"$(inherited)",
				);
				GCC_WARN_64_TO_32_BIT_CONVERSION = YES;
				GCC_WARN_ABOUT_RETURN_TYPE = YES_ERROR;
				GCC_WARN_UNDECLARED_SELECTOR = YES;
				GCC_WARN_UNINITIALIZED_AUTOS = YES_AGGRESSIVE;
				GCC_WARN_UNUSED_FUNCTION = YES;
				GCC_WARN_UNUSED_VARIABLE = YES;
				IPHONEOS_DEPLOYMENT_TARGET = 12.1;
				MTL_ENABLE_DEBUG_INFO = INCLUDE_SOURCE;
				MTL_FAST_MATH = YES;
				ONLY_ACTIVE_ARCH = YES;
				SDKROOT = iphoneos;
				SWIFT_ACTIVE_COMPILATION_CONDITIONS = DEBUG;
				SWIFT_OPTIMIZATION_LEVEL = "-Onone";
			};
			name = Debug;
		};
		E8A5929C22850DFA00344D35 /* Release */ = {
			isa = XCBuildConfiguration;
			buildSettings = {
				ALWAYS_SEARCH_USER_PATHS = NO;
				CLANG_ANALYZER_NONNULL = YES;
				CLANG_ANALYZER_NUMBER_OBJECT_CONVERSION = YES_AGGRESSIVE;
				CLANG_CXX_LANGUAGE_STANDARD = "gnu++14";
				CLANG_CXX_LIBRARY = "libc++";
				CLANG_ENABLE_MODULES = YES;
				CLANG_ENABLE_OBJC_ARC = YES;
				CLANG_ENABLE_OBJC_WEAK = YES;
				CLANG_WARN_BLOCK_CAPTURE_AUTORELEASING = YES;
				CLANG_WARN_BOOL_CONVERSION = YES;
				CLANG_WARN_COMMA = YES;
				CLANG_WARN_CONSTANT_CONVERSION = YES;
				CLANG_WARN_DEPRECATED_OBJC_IMPLEMENTATIONS = YES;
				CLANG_WARN_DIRECT_OBJC_ISA_USAGE = YES_ERROR;
				CLANG_WARN_DOCUMENTATION_COMMENTS = YES;
				CLANG_WARN_EMPTY_BODY = YES;
				CLANG_WARN_ENUM_CONVERSION = YES;
				CLANG_WARN_INFINITE_RECURSION = YES;
				CLANG_WARN_INT_CONVERSION = YES;
				CLANG_WARN_NON_LITERAL_NULL_CONVERSION = YES;
				CLANG_WARN_OBJC_IMPLICIT_RETAIN_SELF = YES;
				CLANG_WARN_OBJC_LITERAL_CONVERSION = YES;
				CLANG_WARN_OBJC_ROOT_CLASS = YES_ERROR;
				CLANG_WARN_RANGE_LOOP_ANALYSIS = YES;
				CLANG_WARN_STRICT_PROTOTYPES = YES;
				CLANG_WARN_SUSPICIOUS_MOVE = YES;
				CLANG_WARN_UNGUARDED_AVAILABILITY = YES_AGGRESSIVE;
				CLANG_WARN_UNREACHABLE_CODE = YES;
				CLANG_WARN__DUPLICATE_METHOD_MATCH = YES;
				CODE_SIGN_IDENTITY = "iPhone Developer";
				COPY_PHASE_STRIP = NO;
				DEBUG_INFORMATION_FORMAT = "dwarf-with-dsym";
				ENABLE_NS_ASSERTIONS = NO;
				ENABLE_STRICT_OBJC_MSGSEND = YES;
				GCC_C_LANGUAGE_STANDARD = gnu11;
				GCC_NO_COMMON_BLOCKS = YES;
				GCC_WARN_64_TO_32_BIT_CONVERSION = YES;
				GCC_WARN_ABOUT_RETURN_TYPE = YES_ERROR;
				GCC_WARN_UNDECLARED_SELECTOR = YES;
				GCC_WARN_UNINITIALIZED_AUTOS = YES_AGGRESSIVE;
				GCC_WARN_UNUSED_FUNCTION = YES;
				GCC_WARN_UNUSED_VARIABLE = YES;
				IPHONEOS_DEPLOYMENT_TARGET = 12.1;
				MTL_ENABLE_DEBUG_INFO = NO;
				MTL_FAST_MATH = YES;
				SDKROOT = iphoneos;
				SWIFT_COMPILATION_MODE = wholemodule;
				SWIFT_OPTIMIZATION_LEVEL = "-O";
				VALIDATE_PRODUCT = YES;
			};
			name = Release;
		};
		E8A5929E22850DFA00344D35 /* Debug */ = {
			isa = XCBuildConfiguration;
			baseConfigurationReference = A5193BA0F27ED230FBFC8201 /* Pods-Instagram.debug.xcconfig */;
			buildSettings = {
				ASSETCATALOG_COMPILER_APPICON_NAME = AppIcon;
				CODE_SIGN_STYLE = Automatic;
				DEVELOPMENT_TEAM = XLM7K96PXP;
				INFOPLIST_FILE = Instagram/Info.plist;
				LD_RUNPATH_SEARCH_PATHS = (
					"$(inherited)",
					"@executable_path/Frameworks",
				);
				PRODUCT_BUNDLE_IDENTIFIER = jp.techacademy.saki.sekiguchi.Instagram;
				PRODUCT_NAME = "$(TARGET_NAME)";
				SWIFT_VERSION = 4.2;
				TARGETED_DEVICE_FAMILY = 1;
			};
			name = Debug;
		};
		E8A5929F22850DFA00344D35 /* Release */ = {
			isa = XCBuildConfiguration;
			baseConfigurationReference = 1F3A0EE4C416BF9BD30FEF2D /* Pods-Instagram.release.xcconfig */;
			buildSettings = {
				ASSETCATALOG_COMPILER_APPICON_NAME = AppIcon;
				CODE_SIGN_STYLE = Automatic;
				DEVELOPMENT_TEAM = XLM7K96PXP;
				INFOPLIST_FILE = Instagram/Info.plist;
				LD_RUNPATH_SEARCH_PATHS = (
					"$(inherited)",
					"@executable_path/Frameworks",
				);
				PRODUCT_BUNDLE_IDENTIFIER = jp.techacademy.saki.sekiguchi.Instagram;
				PRODUCT_NAME = "$(TARGET_NAME)";
				SWIFT_VERSION = 4.2;
				TARGETED_DEVICE_FAMILY = 1;
			};
			name = Release;
		};
/* End XCBuildConfiguration section */

/* Begin XCConfigurationList section */
		E8A5928622850DF800344D35 /* Build configuration list for PBXProject "Instagram" */ = {
			isa = XCConfigurationList;
			buildConfigurations = (
				E8A5929B22850DFA00344D35 /* Debug */,
				E8A5929C22850DFA00344D35 /* Release */,
			);
			defaultConfigurationIsVisible = 0;
			defaultConfigurationName = Release;
		};
		E8A5929D22850DFA00344D35 /* Build configuration list for PBXNativeTarget "Instagram" */ = {
			isa = XCConfigurationList;
			buildConfigurations = (
				E8A5929E22850DFA00344D35 /* Debug */,
				E8A5929F22850DFA00344D35 /* Release */,
			);
			defaultConfigurationIsVisible = 0;
			defaultConfigurationName = Release;
		};
/* End XCConfigurationList section */
	};
	rootObject = E8A5928322850DF800344D35 /* Project object */;
}
